
Microsoft Visual Studio Solution File, Format Version 12.00
# Visual Studio 15
VisualStudioVersion = 15.0.27130.0
MinimumVisualStudioVersion = 10.0.40219.1
Project("{FAE04EC0-301F-11D3-BF4B-00C04F79EFBC}") = "EmployeeDictionary", "EmployeeDictionary\EmployeeDictionary.csproj", "{EBDECCA8-3AD5-4BF3-A452-A817E2E44FE8}"
EndProject
Global
	GlobalSection(SolutionConfigurationPlatforms) = preSolution
		Debug|Any CPU = Debug|Any CPU
		Release|Any CPU = Release|Any CPU
	EndGlobalSection
	GlobalSection(ProjectConfigurationPlatforms) = postSolution
		{EBDECCA8-3AD5-4BF3-A452-A817E2E44FE8}.Debug|Any CPU.ActiveCfg = Debug|Any CPU
		{EBDECCA8-3AD5-4BF3-A452-A817E2E44FE8}.Debug|Any CPU.Build.0 = Debug|Any CPU
		{EBDECCA8-3AD5-4BF3-A452-A817E2E44FE8}.Release|Any CPU.ActiveCfg = Release|Any CPU
		{EBDECCA8-3AD5-4BF3-A452-A817E2E44FE8}.Release|Any CPU.Build.0 = Release|Any CPU
	EndGlobalSection
	GlobalSection(SolutionProperties) = preSolution
		HideSolutionNode = FALSE
	EndGlobalSection
	GlobalSection(ExtensibilityGlobals) = postSolution
		SolutionGuid = {22A5FC6A-3121-4E8E-96E2-E58AAD18E192}
	EndGlobalSection
EndGlobal
